
Microsoft Visual Studio Solution File, Format Version 12.00
# Visual Studio Version 17
VisualStudioVersion = 17.5.33516.290
MinimumVisualStudioVersion = 10.0.40219.1
Project("{8BC9CEB8-8B4A-11D0-8D11-00A0C91BC942}") = "Game_Development", "Game_Development\Game_Development.vcxproj", "{702BDEB2-A8EF-48FA-93A0-DC7D7C80256E}"
EndProject
Project("{8BC9CEB8-8B4A-11D0-8D11-00A0C91BC942}") = "FuelEngine", "FuelEngine\FuelEngine.vcxproj", "{E3349EB8-0763-44B6-A75A-6B2A32CEF249}"
EndProject
Project("{8BC9CEB8-8B4A-11D0-8D11-00A0C91BC942}") = "glfw", "glfw_build\src\glfw.vcxproj", "{CC2A8DE9-961F-3B44-BA8C-81D211793F41}"
EndProject
Project("{8BC9CEB8-8B4A-11D0-8D11-00A0C91BC942}") = "glad", "glad\glad.vcxproj", "{BC99D5A9-1207-4F96-B5CE-A15BCD00EE2D}"
EndProject
Project("{8BC9CEB8-8B4A-11D0-8D11-00A0C91BC942}") = "stbi", "stbi\stbi.vcxproj", "{ECA6C95A-EC58-44B2-B3E5-78ECEE103429}"
EndProject
Global
	GlobalSection(SolutionConfigurationPlatforms) = preSolution
		Debug|x64 = Debug|x64
		Debug|x86 = Debug|x86
		MinSizeRel|x64 = MinSizeRel|x64
		MinSizeRel|x86 = MinSizeRel|x86
		Release|x64 = Release|x64
		Release|x86 = Release|x86
		RelWithDebInfo|x64 = RelWithDebInfo|x64
		RelWithDebInfo|x86 = RelWithDebInfo|x86
	EndGlobalSection
	GlobalSection(ProjectConfigurationPlatforms) = postSolution
		{702BDEB2-A8EF-48FA-93A0-DC7D7C80256E}.Debug|x64.ActiveCfg = Debug|x64
		{702BDEB2-A8EF-48FA-93A0-DC7D7C80256E}.Debug|x64.Build.0 = Debug|x64
		{702BDEB2-A8EF-48FA-93A0-DC7D7C80256E}.Debug|x86.ActiveCfg = Debug|Win32
		{702BDEB2-A8EF-48FA-93A0-DC7D7C80256E}.Debug|x86.Build.0 = Debug|Win32
		{702BDEB2-A8EF-48FA-93A0-DC7D7C80256E}.MinSizeRel|x64.ActiveCfg = Release|x64
		{702BDEB2-A8EF-48FA-93A0-DC7D7C80256E}.MinSizeRel|x64.Build.0 = Release|x64
		{702BDEB2-A8EF-48FA-93A0-DC7D7C80256E}.MinSizeRel|x86.ActiveCfg = Release|Win32
		{702BDEB2-A8EF-48FA-93A0-DC7D7C80256E}.MinSizeRel|x86.Build.0 = Release|Win32
		{702BDEB2-A8EF-48FA-93A0-DC7D7C80256E}.Release|x64.ActiveCfg = Release|x64
		{702BDEB2-A8EF-48FA-93A0-DC7D7C80256E}.Release|x64.Build.0 = Release|x64
		{702BDEB2-A8EF-48FA-93A0-DC7D7C80256E}.Release|x86.ActiveCfg = Release|Win32
		{702BDEB2-A8EF-48FA-93A0-DC7D7C80256E}.Release|x86.Build.0 = Release|Win32
		{702BDEB2-A8EF-48FA-93A0-DC7D7C80256E}.RelWithDebInfo|x64.ActiveCfg = Release|x64
		{702BDEB2-A8EF-48FA-93A0-DC7D7C80256E}.RelWithDebInfo|x64.Build.0 = Release|x64
		{702BDEB2-A8EF-48FA-93A0-DC7D7C80256E}.RelWithDebInfo|x86.ActiveCfg = Release|Win32
		{702BDEB2-A8EF-48FA-93A0-DC7D7C80256E}.RelWithDebInfo|x86.Build.0 = Release|Win32
		{E3349EB8-0763-44B6-A75A-6B2A32CEF249}.Debug|x64.ActiveCfg = Debug|x64
		{E3349EB8-0763-44B6-A75A-6B2A32CEF249}.Debug|x64.Build.0 = Debug|x64
		{E3349EB8-0763-44B6-A75A-6B2A32CEF249}.Debug|x86.ActiveCfg = Debug|Win32
		{E3349EB8-0763-44B6-A75A-6B2A32CEF249}.Debug|x86.Build.0 = Debug|Win32
		{E3349EB8-0763-44B6-A75A-6B2A32CEF249}.MinSizeRel|x64.ActiveCfg = Release|x64
		{E3349EB8-0763-44B6-A75A-6B2A32CEF249}.MinSizeRel|x64.Build.0 = Release|x64
		{E3349EB8-0763-44B6-A75A-6B2A32CEF249}.MinSizeRel|x86.ActiveCfg = Release|Win32
		{E3349EB8-0763-44B6-A75A-6B2A32CEF249}.MinSizeRel|x86.Build.0 = Release|Win32
		{E3349EB8-0763-44B6-A75A-6B2A32CEF249}.Release|x64.ActiveCfg = Release|x64
		{E3349EB8-0763-44B6-A75A-6B2A32CEF249}.Release|x64.Build.0 = Release|x64
		{E3349EB8-0763-44B6-A75A-6B2A32CEF249}.Release|x86.ActiveCfg = Release|Win32
		{E3349EB8-0763-44B6-A75A-6B2A32CEF249}.Release|x86.Build.0 = Release|Win32
		{E3349EB8-0763-44B6-A75A-6B2A32CEF249}.RelWithDebInfo|x64.ActiveCfg = Release|x64
		{E3349EB8-0763-44B6-A75A-6B2A32CEF249}.RelWithDebInfo|x64.Build.0 = Release|x64
		{E3349EB8-0763-44B6-A75A-6B2A32CEF249}.RelWithDebInfo|x86.ActiveCfg = Release|Win32
		{E3349EB8-0763-44B6-A75A-6B2A32CEF249}.RelWithDebInfo|x86.Build.0 = Release|Win32
		{CC2A8DE9-961F-3B44-BA8C-81D211793F41}.Debug|x64.ActiveCfg = Debug|x64
		{CC2A8DE9-961F-3B44-BA8C-81D211793F41}.Debug|x64.Build.0 = Debug|x64
		{CC2A8DE9-961F-3B44-BA8C-81D211793F41}.Debug|x86.ActiveCfg = Debug|x64
		{CC2A8DE9-961F-3B44-BA8C-81D211793F41}.Debug|x86.Build.0 = Debug|x64
		{CC2A8DE9-961F-3B44-BA8C-81D211793F41}.MinSizeRel|x64.ActiveCfg = MinSizeRel|x64
		{CC2A8DE9-961F-3B44-BA8C-81D211793F41}.MinSizeRel|x64.Build.0 = MinSizeRel|x64
		{CC2A8DE9-961F-3B44-BA8C-81D211793F41}.MinSizeRel|x86.ActiveCfg = MinSizeRel|x64
		{CC2A8DE9-961F-3B44-BA8C-81D211793F41}.MinSizeRel|x86.Build.0 = MinSizeRel|x64
		{CC2A8DE9-961F-3B44-BA8C-81D211793F41}.Release|x64.ActiveCfg = Release|x64
		{CC2A8DE9-961F-3B44-BA8C-81D211793F41}.Release|x64.Build.0 = Release|x64
		{CC2A8DE9-961F-3B44-BA8C-81D211793F41}.Release|x86.ActiveCfg = Release|x64
		{CC2A8DE9-961F-3B44-BA8C-81D211793F41}.Release|x86.Build.0 = Release|x64
		{CC2A8DE9-961F-3B44-BA8C-81D211793F41}.RelWithDebInfo|x64.ActiveCfg = RelWithDebInfo|x64
		{CC2A8DE9-961F-3B44-BA8C-81D211793F41}.RelWithDebInfo|x64.Build.0 = RelWithDebInfo|x64
		{CC2A8DE9-961F-3B44-BA8C-81D211793F41}.RelWithDebInfo|x86.ActiveCfg = RelWithDebInfo|x64
		{CC2A8DE9-961F-3B44-BA8C-81D211793F41}.RelWithDebInfo|x86.Build.0 = RelWithDebInfo|x64
		{BC99D5A9-1207-4F96-B5CE-A15BCD00EE2D}.Debug|x64.ActiveCfg = Debug|x64
		{BC99D5A9-1207-4F96-B5CE-A15BCD00EE2D}.Debug|x64.Build.0 = Debug|x64
		{BC99D5A9-1207-4F96-B5CE-A15BCD00EE2D}.Debug|x86.ActiveCfg = Debug|Win32
		{BC99D5A9-1207-4F96-B5CE-A15BCD00EE2D}.Debug|x86.Build.0 = Debug|Win32
		{BC99D5A9-1207-4F96-B5CE-A15BCD00EE2D}.MinSizeRel|x64.ActiveCfg = Debug|x64
		{BC99D5A9-1207-4F96-B5CE-A15BCD00EE2D}.MinSizeRel|x64.Build.0 = Debug|x64
		{BC99D5A9-1207-4F96-B5CE-A15BCD00EE2D}.MinSizeRel|x86.ActiveCfg = Debug|Win32
		{BC99D5A9-1207-4F96-B5CE-A15BCD00EE2D}.MinSizeRel|x86.Build.0 = Debug|Win32
		{BC99D5A9-1207-4F96-B5CE-A15BCD00EE2D}.Release|x64.ActiveCfg = Release|x64
		{BC99D5A9-1207-4F96-B5CE-A15BCD00EE2D}.Release|x64.Build.0 = Release|x64
		{BC99D5A9-1207-4F96-B5CE-A15BCD00EE2D}.Release|x86.ActiveCfg = Release|Win32
		{BC99D5A9-1207-4F96-B5CE-A15BCD00EE2D}.Release|x86.Build.0 = Release|Win32
		{BC99D5A9-1207-4F96-B5CE-A15BCD00EE2D}.RelWithDebInfo|x64.ActiveCfg = Release|x64
		{BC99D5A9-1207-4F96-B5CE-A15BCD00EE2D}.RelWithDebInfo|x64.Build.0 = Release|x64
		{BC99D5A9-1207-4F96-B5CE-A15BCD00EE2D}.RelWithDebInfo|x86.ActiveCfg = Release|Win32
		{BC99D5A9-1207-4F96-B5CE-A15BCD00EE2D}.RelWithDebInfo|x86.Build.0 = Release|Win32
		{ECA6C95A-EC58-44B2-B3E5-78ECEE103429}.Debug|x64.ActiveCfg = Debug|x64
		{ECA6C95A-EC58-44B2-B3E5-78ECEE103429}.Debug|x64.Build.0 = Debug|x64
		{ECA6C95A-EC58-44B2-B3E5-78ECEE103429}.Debug|x86.ActiveCfg = Debug|Win32
		{ECA6C95A-EC58-44B2-B3E5-78ECEE103429}.Debug|x86.Build.0 = Debug|Win32
		{ECA6C95A-EC58-44B2-B3E5-78ECEE103429}.MinSizeRel|x64.ActiveCfg = Debug|x64
		{ECA6C95A-EC58-44B2-B3E5-78ECEE103429}.MinSizeRel|x64.Build.0 = Debug|x64
		{ECA6C95A-EC58-44B2-B3E5-78ECEE103429}.MinSizeRel|x86.ActiveCfg = Debug|Win32
		{ECA6C95A-EC58-44B2-B3E5-78ECEE103429}.MinSizeRel|x86.Build.0 = Debug|Win32
		{ECA6C95A-EC58-44B2-B3E5-78ECEE103429}.Release|x64.ActiveCfg = Release|x64
		{ECA6C95A-EC58-44B2-B3E5-78ECEE103429}.Release|x64.Build.0 = Release|x64
		{ECA6C95A-EC58-44B2-B3E5-78ECEE103429}.Release|x86.ActiveCfg = Release|Win32
		{ECA6C95A-EC58-44B2-B3E5-78ECEE103429}.Release|x86.Build.0 = Release|Win32
		{ECA6C95A-EC58-44B2-B3E5-78ECEE103429}.RelWithDebInfo|x64.ActiveCfg = Release|x64
		{ECA6C95A-EC58-44B2-B3E5-78ECEE103429}.RelWithDebInfo|x64.Build.0 = Release|x64
		{ECA6C95A-EC58-44B2-B3E5-78ECEE103429}.RelWithDebInfo|x86.ActiveCfg = Release|Win32
		{ECA6C95A-EC58-44B2-B3E5-78ECEE103429}.RelWithDebInfo|x86.Build.0 = Release|Win32
	EndGlobalSection
	GlobalSection(SolutionProperties) = preSolution
		HideSolutionNode = FALSE
	EndGlobalSection
	GlobalSection(ExtensibilityGlobals) = postSolution
		SolutionGuid = {A6D82357-95B6-4CEA-A416-CCC1027ED159}
	EndGlobalSection
EndGlobal
